// !$*UTF8*$!
{
	archiveVersion = 1;
	classes = {
	};
	objectVersion = 50;
	objects = {

/* Begin PBXBuildFile section */
		CFB37E3B2400555000407010 /* AppDelegate.swift in Sources */ = {isa = PBXBuildFile; fileRef = CFB37E3A2400555000407010 /* AppDelegate.swift */; };
		CFB37E3D2400555000407010 /* SceneDelegate.swift in Sources */ = {isa = PBXBuildFile; fileRef = CFB37E3C2400555000407010 /* SceneDelegate.swift */; };
		CFB37E442400555200407010 /* Assets.xcassets in Resources */ = {isa = PBXBuildFile; fileRef = CFB37E432400555200407010 /* Assets.xcassets */; };
		CFB37E472400555200407010 /* LaunchScreen.storyboard in Resources */ = {isa = PBXBuildFile; fileRef = CFB37E452400555200407010 /* LaunchScreen.storyboard */; };
		CFB37E4F24005BBB00407010 /* RateViewController.swift in Sources */ = {isa = PBXBuildFile; fileRef = CFB37E4E24005BBB00407010 /* RateViewController.swift */; };
		CFB37E5124005BDA00407010 /* RateViewController.xib in Resources */ = {isa = PBXBuildFile; fileRef = CFB37E5024005BDA00407010 /* RateViewController.xib */; };
		CFB37E542400638100407010 /* EpisodeViewController.swift in Sources */ = {isa = PBXBuildFile; fileRef = CFB37E532400638100407010 /* EpisodeViewController.swift */; };
		CFB37E562400639D00407010 /* EpisodeViewController.xib in Resources */ = {isa = PBXBuildFile; fileRef = CFB37E552400639D00407010 /* EpisodeViewController.xib */; };
		CFB37E592400652600407010 /* Episode.swift in Sources */ = {isa = PBXBuildFile; fileRef = CFB37E582400652600407010 /* Episode.swift */; };
		CFB37E5D2400699D00407010 /* CastViewController.swift in Sources */ = {isa = PBXBuildFile; fileRef = CFB37E5C2400699D00407010 /* CastViewController.swift */; };
		CFB37E5F240069B600407010 /* CastViewController.xib in Resources */ = {isa = PBXBuildFile; fileRef = CFB37E5E240069B600407010 /* CastViewController.xib */; };
		CFB37E61240069FF00407010 /* SettingsViewController.swift in Sources */ = {isa = PBXBuildFile; fileRef = CFB37E60240069FF00407010 /* SettingsViewController.swift */; };
		CFB37E6324006A1800407010 /* SettingsViewController.xib in Resources */ = {isa = PBXBuildFile; fileRef = CFB37E6224006A1800407010 /* SettingsViewController.xib */; };
		CFB37E6624006B4900407010 /* HouseViewController.swift in Sources */ = {isa = PBXBuildFile; fileRef = CFB37E6524006B4900407010 /* HouseViewController.swift */; };
		CFB37E6824006B6800407010 /* HouseViewController.xib in Resources */ = {isa = PBXBuildFile; fileRef = CFB37E6724006B6800407010 /* HouseViewController.xib */; };
		CFB37E6B24006BDF00407010 /* FavoritesViewController.swift in Sources */ = {isa = PBXBuildFile; fileRef = CFB37E6A24006BDF00407010 /* FavoritesViewController.swift */; };
		CFB37E6D24006BF600407010 /* FavoritesViewController.xib in Resources */ = {isa = PBXBuildFile; fileRef = CFB37E6C24006BF600407010 /* FavoritesViewController.xib */; };
		CFFABACC24014682004E4E5C /* EpisodeTableViewCell.swift in Sources */ = {isa = PBXBuildFile; fileRef = CFFABACB24014682004E4E5C /* EpisodeTableViewCell.swift */; };
		CFFABACE240146A6004E4E5C /* EpisodeTableViewCell.xib in Resources */ = {isa = PBXBuildFile; fileRef = CFFABACD240146A6004E4E5C /* EpisodeTableViewCell.xib */; };
/* End PBXBuildFile section */

/* Begin PBXFileReference section */
		CFB37E372400555000407010 /* AppOfThrones.app */ = {isa = PBXFileReference; explicitFileType = wrapper.application; includeInIndex = 0; path = AppOfThrones.app; sourceTree = BUILT_PRODUCTS_DIR; };
		CFB37E3A2400555000407010 /* AppDelegate.swift */ = {isa = PBXFileReference; lastKnownFileType = sourcecode.swift; path = AppDelegate.swift; sourceTree = "<group>"; };
		CFB37E3C2400555000407010 /* SceneDelegate.swift */ = {isa = PBXFileReference; lastKnownFileType = sourcecode.swift; path = SceneDelegate.swift; sourceTree = "<group>"; };
		CFB37E432400555200407010 /* Assets.xcassets */ = {isa = PBXFileReference; lastKnownFileType = folder.assetcatalog; path = Assets.xcassets; sourceTree = "<group>"; };
		CFB37E462400555200407010 /* Base */ = {isa = PBXFileReference; lastKnownFileType = file.storyboard; name = Base; path = Base.lproj/LaunchScreen.storyboard; sourceTree = "<group>"; };
		CFB37E482400555200407010 /* Info.plist */ = {isa = PBXFileReference; lastKnownFileType = text.plist.xml; path = Info.plist; sourceTree = "<group>"; };
		CFB37E4E24005BBB00407010 /* RateViewController.swift */ = {isa = PBXFileReference; lastKnownFileType = sourcecode.swift; path = RateViewController.swift; sourceTree = "<group>"; };
		CFB37E5024005BDA00407010 /* RateViewController.xib */ = {isa = PBXFileReference; lastKnownFileType = file.xib; path = RateViewController.xib; sourceTree = "<group>"; };
		CFB37E532400638100407010 /* EpisodeViewController.swift */ = {isa = PBXFileReference; lastKnownFileType = sourcecode.swift; path = EpisodeViewController.swift; sourceTree = "<group>"; };
		CFB37E552400639D00407010 /* EpisodeViewController.xib */ = {isa = PBXFileReference; lastKnownFileType = file.xib; path = EpisodeViewController.xib; sourceTree = "<group>"; };
		CFB37E582400652600407010 /* Episode.swift */ = {isa = PBXFileReference; lastKnownFileType = sourcecode.swift; path = Episode.swift; sourceTree = "<group>"; };
		CFB37E5C2400699D00407010 /* CastViewController.swift */ = {isa = PBXFileReference; lastKnownFileType = sourcecode.swift; path = CastViewController.swift; sourceTree = "<group>"; };
		CFB37E5E240069B600407010 /* CastViewController.xib */ = {isa = PBXFileReference; lastKnownFileType = file.xib; path = CastViewController.xib; sourceTree = "<group>"; };
		CFB37E60240069FF00407010 /* SettingsViewController.swift */ = {isa = PBXFileReference; lastKnownFileType = sourcecode.swift; path = SettingsViewController.swift; sourceTree = "<group>"; };
		CFB37E6224006A1800407010 /* SettingsViewController.xib */ = {isa = PBXFileReference; lastKnownFileType = file.xib; path = SettingsViewController.xib; sourceTree = "<group>"; };
		CFB37E6524006B4900407010 /* HouseViewController.swift */ = {isa = PBXFileReference; lastKnownFileType = sourcecode.swift; path = HouseViewController.swift; sourceTree = "<group>"; };
		CFB37E6724006B6800407010 /* HouseViewController.xib */ = {isa = PBXFileReference; lastKnownFileType = file.xib; path = HouseViewController.xib; sourceTree = "<group>"; };
		CFB37E6A24006BDF00407010 /* FavoritesViewController.swift */ = {isa = PBXFileReference; lastKnownFileType = sourcecode.swift; path = FavoritesViewController.swift; sourceTree = "<group>"; };
		CFB37E6C24006BF600407010 /* FavoritesViewController.xib */ = {isa = PBXFileReference; lastKnownFileType = file.xib; path = FavoritesViewController.xib; sourceTree = "<group>"; };
		CFFABACB24014682004E4E5C /* EpisodeTableViewCell.swift */ = {isa = PBXFileReference; lastKnownFileType = sourcecode.swift; path = EpisodeTableViewCell.swift; sourceTree = "<group>"; };
		CFFABACD240146A6004E4E5C /* EpisodeTableViewCell.xib */ = {isa = PBXFileReference; lastKnownFileType = file.xib; path = EpisodeTableViewCell.xib; sourceTree = "<group>"; };
/* End PBXFileReference section */

/* Begin PBXFrameworksBuildPhase section */
		CFB37E342400555000407010 /* Frameworks */ = {
			isa = PBXFrameworksBuildPhase;
			buildActionMask = 2147483647;
			files = (
			);
			runOnlyForDeploymentPostprocessing = 0;
		};
/* End PBXFrameworksBuildPhase section */

/* Begin PBXGroup section */
		CFB37E2E2400555000407010 = {
			isa = PBXGroup;
			children = (
				CFB37E392400555000407010 /* AppOfThrones */,
				CFB37E382400555000407010 /* Products */,
			);
			sourceTree = "<group>";
		};
		CFB37E382400555000407010 /* Products */ = {
			isa = PBXGroup;
			children = (
				CFB37E372400555000407010 /* AppOfThrones.app */,
			);
			name = Products;
			sourceTree = "<group>";
		};
		CFB37E392400555000407010 /* AppOfThrones */ = {
			isa = PBXGroup;
			children = (
				CFB37E572400650B00407010 /* Model */,
				CFB37E522400631F00407010 /* Episodes */,
				CFB37E5A2400692600407010 /* Cast */,
				CFB37E6424006B2700407010 /* Houses */,
				CFB37E6924006B9300407010 /* Favorites */,
				CFB37E5B2400692F00407010 /* Settings */,
				CFB37E3A2400555000407010 /* AppDelegate.swift */,
				CFB37E3C2400555000407010 /* SceneDelegate.swift */,
				CFB37E432400555200407010 /* Assets.xcassets */,
				CFB37E452400555200407010 /* LaunchScreen.storyboard */,
				CFB37E482400555200407010 /* Info.plist */,
			);
			path = AppOfThrones;
			sourceTree = "<group>";
		};
		CFB37E522400631F00407010 /* Episodes */ = {
			isa = PBXGroup;
			children = (
				CFB37E532400638100407010 /* EpisodeViewController.swift */,
				CFB37E552400639D00407010 /* EpisodeViewController.xib */,
				CFFABACB24014682004E4E5C /* EpisodeTableViewCell.swift */,
				CFFABACD240146A6004E4E5C /* EpisodeTableViewCell.xib */,
				CFB37E4E24005BBB00407010 /* RateViewController.swift */,
				CFB37E5024005BDA00407010 /* RateViewController.xib */,
			);
			path = Episodes;
			sourceTree = "<group>";
		};
		CFB37E572400650B00407010 /* Model */ = {
			isa = PBXGroup;
			children = (
				CFB37E582400652600407010 /* Episode.swift */,
			);
			path = Model;
			sourceTree = "<group>";
		};
		CFB37E5A2400692600407010 /* Cast */ = {
			isa = PBXGroup;
			children = (
				CFB37E5C2400699D00407010 /* CastViewController.swift */,
				CFB37E5E240069B600407010 /* CastViewController.xib */,
			);
			path = Cast;
			sourceTree = "<group>";
		};
		CFB37E5B2400692F00407010 /* Settings */ = {
			isa = PBXGroup;
			children = (
				CFB37E60240069FF00407010 /* SettingsViewController.swift */,
				CFB37E6224006A1800407010 /* SettingsViewController.xib */,
			);
			path = Settings;
			sourceTree = "<group>";
		};
		CFB37E6424006B2700407010 /* Houses */ = {
			isa = PBXGroup;
			children = (
				CFB37E6524006B4900407010 /* HouseViewController.swift */,
				CFB37E6724006B6800407010 /* HouseViewController.xib */,
			);
			path = Houses;
			sourceTree = "<group>";
		};
		CFB37E6924006B9300407010 /* Favorites */ = {
			isa = PBXGroup;
			children = (
				CFB37E6A24006BDF00407010 /* FavoritesViewController.swift */,
				CFB37E6C24006BF600407010 /* FavoritesViewController.xib */,
			);
			path = Favorites;
			sourceTree = "<group>";
		};
/* End PBXGroup section */

/* Begin PBXNativeTarget section */
		CFB37E362400555000407010 /* AppOfThrones */ = {
			isa = PBXNativeTarget;
			buildConfigurationList = CFB37E4B2400555200407010 /* Build configuration list for PBXNativeTarget "AppOfThrones" */;
			buildPhases = (
				CFB37E332400555000407010 /* Sources */,
				CFB37E342400555000407010 /* Frameworks */,
				CFB37E352400555000407010 /* Resources */,
			);
			buildRules = (
			);
			dependencies = (
			);
			name = AppOfThrones;
			productName = AppOfThrones;
			productReference = CFB37E372400555000407010 /* AppOfThrones.app */;
			productType = "com.apple.product-type.application";
		};
/* End PBXNativeTarget section */

/* Begin PBXProject section */
		CFB37E2F2400555000407010 /* Project object */ = {
			isa = PBXProject;
			attributes = {
				LastSwiftUpdateCheck = 1130;
				LastUpgradeCheck = 1130;
				ORGANIZATIONNAME = Jorge;
				TargetAttributes = {
					CFB37E362400555000407010 = {
						CreatedOnToolsVersion = 11.3;
					};
				};
			};
			buildConfigurationList = CFB37E322400555000407010 /* Build configuration list for PBXProject "AppOfThrones" */;
			compatibilityVersion = "Xcode 9.3";
			developmentRegion = en;
			hasScannedForEncodings = 0;
			knownRegions = (
				en,
				Base,
			);
			mainGroup = CFB37E2E2400555000407010;
			productRefGroup = CFB37E382400555000407010 /* Products */;
			projectDirPath = "";
			projectRoot = "";
			targets = (
				CFB37E362400555000407010 /* AppOfThrones */,
			);
		};
/* End PBXProject section */

/* Begin PBXResourcesBuildPhase section */
		CFB37E352400555000407010 /* Resources */ = {
			isa = PBXResourcesBuildPhase;
			buildActionMask = 2147483647;
			files = (
				CFB37E5124005BDA00407010 /* RateViewController.xib in Resources */,
				CFB37E6324006A1800407010 /* SettingsViewController.xib in Resources */,
				CFB37E472400555200407010 /* LaunchScreen.storyboard in Resources */,
				CFB37E5F240069B600407010 /* CastViewController.xib in Resources */,
				CFFABACE240146A6004E4E5C /* EpisodeTableViewCell.xib in Resources */,
				CFB37E6824006B6800407010 /* HouseViewController.xib in Resources */,
				CFB37E562400639D00407010 /* EpisodeViewController.xib in Resources */,
				CFB37E6D24006BF600407010 /* FavoritesViewController.xib in Resources */,
				CFB37E442400555200407010 /* Assets.xcassets in Resources */,
			);
			runOnlyForDeploymentPostprocessing = 0;
		};
/* End PBXResourcesBuildPhase section */

/* Begin PBXSourcesBuildPhase section */
		CFB37E332400555000407010 /* Sources */ = {
			isa = PBXSourcesBuildPhase;
			buildActionMask = 2147483647;
			files = (
				CFB37E3B2400555000407010 /* AppDelegate.swift in Sources */,
				CFB37E6B24006BDF00407010 /* FavoritesViewController.swift in Sources */,
				CFB37E4F24005BBB00407010 /* RateViewController.swift in Sources */,
				CFFABACC24014682004E4E5C /* EpisodeTableViewCell.swift in Sources */,
				CFB37E61240069FF00407010 /* SettingsViewController.swift in Sources */,
				CFB37E542400638100407010 /* EpisodeViewController.swift in Sources */,
				CFB37E592400652600407010 /* Episode.swift in Sources */,
				CFB37E3D2400555000407010 /* SceneDelegate.swift in Sources */,
				CFB37E5D2400699D00407010 /* CastViewController.swift in Sources */,
				CFB37E6624006B4900407010 /* HouseViewController.swift in Sources */,
			);
			runOnlyForDeploymentPostprocessing = 0;
		};
/* End PBXSourcesBuildPhase section */

/* Begin PBXVariantGroup section */
		CFB37E452400555200407010 /* LaunchScreen.storyboard */ = {
			isa = PBXVariantGroup;
			children = (
				CFB37E462400555200407010 /* Base */,
			);
			name = LaunchScreen.storyboard;
			sourceTree = "<group>";
		};
/* End PBXVariantGroup section */

/* Begin XCBuildConfiguration section */
		CFB37E492400555200407010 /* Debug */ = {
			isa = XCBuildConfiguration;
			buildSettings = {
				ALWAYS_SEARCH_USER_PATHS = NO;
				CLANG_ANALYZER_NONNULL = YES;
				CLANG_ANALYZER_NUMBER_OBJECT_CONVERSION = YES_AGGRESSIVE;
				CLANG_CXX_LANGUAGE_STANDARD = "gnu++14";
				CLANG_CXX_LIBRARY = "libc++";
				CLANG_ENABLE_MODULES = YES;
				CLANG_ENABLE_OBJC_ARC = YES;
				CLANG_ENABLE_OBJC_WEAK = YES;
				CLANG_WARN_BLOCK_CAPTURE_AUTORELEASING = YES;
				CLANG_WARN_BOOL_CONVERSION = YES;
				CLANG_WARN_COMMA = YES;
				CLANG_WARN_CONSTANT_CONVERSION = YES;
				CLANG_WARN_DEPRECATED_OBJC_IMPLEMENTATIONS = YES;
				CLANG_WARN_DIRECT_OBJC_ISA_USAGE = YES_ERROR;
				CLANG_WARN_DOCUMENTATION_COMMENTS = YES;
				CLANG_WARN_EMPTY_BODY = YES;
				CLANG_WARN_ENUM_CONVERSION = YES;
				CLANG_WARN_INFINITE_RECURSION = YES;
				CLANG_WARN_INT_CONVERSION = YES;
				CLANG_WARN_NON_LITERAL_NULL_CONVERSION = YES;
				CLANG_WARN_OBJC_IMPLICIT_RETAIN_SELF = YES;
				CLANG_WARN_OBJC_LITERAL_CONVERSION = YES;
				CLANG_WARN_OBJC_ROOT_CLASS = YES_ERROR;
				CLANG_WARN_RANGE_LOOP_ANALYSIS = YES;
				CLANG_WARN_STRICT_PROTOTYPES = YES;
				CLANG_WARN_SUSPICIOUS_MOVE = YES;
				CLANG_WARN_UNGUARDED_AVAILABILITY = YES_AGGRESSIVE;
				CLANG_WARN_UNREACHABLE_CODE = YES;
				CLANG_WARN__DUPLICATE_METHOD_MATCH = YES;
				COPY_PHASE_STRIP = NO;
				DEBUG_INFORMATION_FORMAT = dwarf;
				ENABLE_STRICT_OBJC_MSGSEND = YES;
				ENABLE_TESTABILITY = YES;
				GCC_C_LANGUAGE_STANDARD = gnu11;
				GCC_DYNAMIC_NO_PIC = NO;
				GCC_NO_COMMON_BLOCKS = YES;
				GCC_OPTIMIZATION_LEVEL = 0;
				GCC_PREPROCESSOR_DEFINITIONS = (
					"DEBUG=1",
					"$(inherited)",
				);
				GCC_WARN_64_TO_32_BIT_CONVERSION = YES;
				GCC_WARN_ABOUT_RETURN_TYPE = YES_ERROR;
				GCC_WARN_UNDECLARED_SELECTOR = YES;
				GCC_WARN_UNINITIALIZED_AUTOS = YES_AGGRESSIVE;
				GCC_WARN_UNUSED_FUNCTION = YES;
				GCC_WARN_UNUSED_VARIABLE = YES;
				IPHONEOS_DEPLOYMENT_TARGET = 13.2;
				MTL_ENABLE_DEBUG_INFO = INCLUDE_SOURCE;
				MTL_FAST_MATH = YES;
				ONLY_ACTIVE_ARCH = YES;
				SDKROOT = iphoneos;
				SWIFT_ACTIVE_COMPILATION_CONDITIONS = DEBUG;
				SWIFT_OPTIMIZATION_LEVEL = "-Onone";
			};
			name = Debug;
		};
		CFB37E4A2400555200407010 /* Release */ = {
			isa = XCBuildConfiguration;
			buildSettings = {
				ALWAYS_SEARCH_USER_PATHS = NO;
				CLANG_ANALYZER_NONNULL = YES;
				CLANG_ANALYZER_NUMBER_OBJECT_CONVERSION = YES_AGGRESSIVE;
				CLANG_CXX_LANGUAGE_STANDARD = "gnu++14";
				CLANG_CXX_LIBRARY = "libc++";
				CLANG_ENABLE_MODULES = YES;
				CLANG_ENABLE_OBJC_ARC = YES;
				CLANG_ENABLE_OBJC_WEAK = YES;
				CLANG_WARN_BLOCK_CAPTURE_AUTORELEASING = YES;
				CLANG_WARN_BOOL_CONVERSION = YES;
				CLANG_WARN_COMMA = YES;
				CLANG_WARN_CONSTANT_CONVERSION = YES;
				CLANG_WARN_DEPRECATED_OBJC_IMPLEMENTATIONS = YES;
				CLANG_WARN_DIRECT_OBJC_ISA_USAGE = YES_ERROR;
				CLANG_WARN_DOCUMENTATION_COMMENTS = YES;
				CLANG_WARN_EMPTY_BODY = YES;
				CLANG_WARN_ENUM_CONVERSION = YES;
				CLANG_WARN_INFINITE_RECURSION = YES;
				CLANG_WARN_INT_CONVERSION = YES;
				CLANG_WARN_NON_LITERAL_NULL_CONVERSION = YES;
				CLANG_WARN_OBJC_IMPLICIT_RETAIN_SELF = YES;
				CLANG_WARN_OBJC_LITERAL_CONVERSION = YES;
				CLANG_WARN_OBJC_ROOT_CLASS = YES_ERROR;
				CLANG_WARN_RANGE_LOOP_ANALYSIS = YES;
				CLANG_WARN_STRICT_PROTOTYPES = YES;
				CLANG_WARN_SUSPICIOUS_MOVE = YES;
				CLANG_WARN_UNGUARDED_AVAILABILITY = YES_AGGRESSIVE;
				CLANG_WARN_UNREACHABLE_CODE = YES;
				CLANG_WARN__DUPLICATE_METHOD_MATCH = YES;
				COPY_PHASE_STRIP = NO;
				DEBUG_INFORMATION_FORMAT = "dwarf-with-dsym";
				ENABLE_NS_ASSERTIONS = NO;
				ENABLE_STRICT_OBJC_MSGSEND = YES;
				GCC_C_LANGUAGE_STANDARD = gnu11;
				GCC_NO_COMMON_BLOCKS = YES;
				GCC_WARN_64_TO_32_BIT_CONVERSION = YES;
				GCC_WARN_ABOUT_RETURN_TYPE = YES_ERROR;
				GCC_WARN_UNDECLARED_SELECTOR = YES;
				GCC_WARN_UNINITIALIZED_AUTOS = YES_AGGRESSIVE;
				GCC_WARN_UNUSED_FUNCTION = YES;
				GCC_WARN_UNUSED_VARIABLE = YES;
				IPHONEOS_DEPLOYMENT_TARGET = 13.2;
				MTL_ENABLE_DEBUG_INFO = NO;
				MTL_FAST_MATH = YES;
				SDKROOT = iphoneos;
				SWIFT_COMPILATION_MODE = wholemodule;
				SWIFT_OPTIMIZATION_LEVEL = "-O";
				VALIDATE_PRODUCT = YES;
			};
			name = Release;
		};
		CFB37E4C2400555200407010 /* Debug */ = {
			isa = XCBuildConfiguration;
			buildSettings = {
				ASSETCATALOG_COMPILER_APPICON_NAME = AppIcon;
				CODE_SIGN_STYLE = Automatic;
				DEVELOPMENT_TEAM = 9L3PPN38N6;
				INFOPLIST_FILE = AppOfThrones/Info.plist;
				LD_RUNPATH_SEARCH_PATHS = (
					"$(inherited)",
					"@executable_path/Frameworks",
				);
				PRODUCT_BUNDLE_IDENTIFIER = es.jsantamariap.AppOfThrones;
				PRODUCT_NAME = "$(TARGET_NAME)";
				SWIFT_VERSION = 5.0;
				TARGETED_DEVICE_FAMILY = 1;
			};
			name = Debug;
		};
		CFB37E4D2400555200407010 /* Release */ = {
			isa = XCBuildConfiguration;
			buildSettings = {
				ASSETCATALOG_COMPILER_APPICON_NAME = AppIcon;
				CODE_SIGN_STYLE = Automatic;
				DEVELOPMENT_TEAM = 9L3PPN38N6;
				INFOPLIST_FILE = AppOfThrones/Info.plist;
				LD_RUNPATH_SEARCH_PATHS = (
					"$(inherited)",
					"@executable_path/Frameworks",
				);
				PRODUCT_BUNDLE_IDENTIFIER = es.jsantamariap.AppOfThrones;
				PRODUCT_NAME = "$(TARGET_NAME)";
				SWIFT_VERSION = 5.0;
				TARGETED_DEVICE_FAMILY = 1;
			};
			name = Release;
		};
/* End XCBuildConfiguration section */

/* Begin XCConfigurationList section */
		CFB37E322400555000407010 /* Build configuration list for PBXProject "AppOfThrones" */ = {
			isa = XCConfigurationList;
			buildConfigurations = (
				CFB37E492400555200407010 /* Debug */,
				CFB37E4A2400555200407010 /* Release */,
			);
			defaultConfigurationIsVisible = 0;
			defaultConfigurationName = Release;
		};
		CFB37E4B2400555200407010 /* Build configuration list for PBXNativeTarget "AppOfThrones" */ = {
			isa = XCConfigurationList;
			buildConfigurations = (
				CFB37E4C2400555200407010 /* Debug */,
				CFB37E4D2400555200407010 /* Release */,
			);
			defaultConfigurationIsVisible = 0;
			defaultConfigurationName = Release;
		};
/* End XCConfigurationList section */
	};
	rootObject = CFB37E2F2400555000407010 /* Project object */;
}
